
Microsoft Visual Studio Solution File, Format Version 12.00
# Visual Studio Version 16
VisualStudioVersion = 16.0.28803.202
MinimumVisualStudioVersion = 10.0.40219.1
Project("{FAE04EC0-301F-11D3-BF4B-00C04F79EFBC}") = "D1", "D1\D1.csproj", "{B23D3C07-CEA6-487C-AB0F-245582153050}"
EndProject
Global
	GlobalSection(SolutionConfigurationPlatforms) = preSolution
		Debug|Any CPU = Debug|Any CPU
		Release|Any CPU = Release|Any CPU
	EndGlobalSection
	GlobalSection(ProjectConfigurationPlatforms) = postSolution
		{B23D3C07-CEA6-487C-AB0F-245582153050}.Debug|Any CPU.ActiveCfg = Debug|Any CPU
		{B23D3C07-CEA6-487C-AB0F-245582153050}.Debug|Any CPU.Build.0 = Debug|Any CPU
		{B23D3C07-CEA6-487C-AB0F-245582153050}.Release|Any CPU.ActiveCfg = Release|Any CPU
		{B23D3C07-CEA6-487C-AB0F-245582153050}.Release|Any CPU.Build.0 = Release|Any CPU
	EndGlobalSection
	GlobalSection(SolutionProperties) = preSolution
		HideSolutionNode = FALSE
	EndGlobalSection
	GlobalSection(ExtensibilityGlobals) = postSolution
		SolutionGuid = {070BBDB4-D234-4E50-AA28-7E653C3A8EBA}
	EndGlobalSection
EndGlobal
